
Microsoft Visual Studio Solution File, Format Version 12.00
# Visual Studio Version 16
VisualStudioVersion = 16.0.31205.134
MinimumVisualStudioVersion = 10.0.40219.1
Project("{FAE04EC0-301F-11D3-BF4B-00C04F79EFBC}") = "people_search_webapp", "people_search_webapp.csproj", "{009C3F30-903B-44CD-B1E1-B7B7987A589A}"
EndProject
Global
	GlobalSection(SolutionConfigurationPlatforms) = preSolution
		Debug|Any CPU = Debug|Any CPU
		Release|Any CPU = Release|Any CPU
	EndGlobalSection
	GlobalSection(ProjectConfigurationPlatforms) = postSolution
		{009C3F30-903B-44CD-B1E1-B7B7987A589A}.Debug|Any CPU.ActiveCfg = Debug|Any CPU
		{009C3F30-903B-44CD-B1E1-B7B7987A589A}.Debug|Any CPU.Build.0 = Debug|Any CPU
		{009C3F30-903B-44CD-B1E1-B7B7987A589A}.Release|Any CPU.ActiveCfg = Release|Any CPU
		{009C3F30-903B-44CD-B1E1-B7B7987A589A}.Release|Any CPU.Build.0 = Release|Any CPU
	EndGlobalSection
	GlobalSection(SolutionProperties) = preSolution
		HideSolutionNode = FALSE
	EndGlobalSection
	GlobalSection(ExtensibilityGlobals) = postSolution
		SolutionGuid = {5CDB8695-A487-4765-9153-F89573EC7C28}
	EndGlobalSection
EndGlobal
